
Microsoft Visual Studio Solution File, Format Version 10.00
# Visual Studio 2008
Project("{FAE04EC0-301F-11D3-BF4B-00C04F79EFBC}") = "CustomAvatarAnimationXbox", "CustomAvatarAnimation\CustomAvatarAnimationXbox.csproj", "{B0C6D416-83AC-4F2F-92A6-D73342D699C1}"
EndProject
Project("{FAE04EC0-301F-11D3-BF4B-00C04F79EFBC}") = "CustomAvatarAnimationPipeline", "CustomAvatarAnimationPipeline\CustomAvatarAnimationPipeline.csproj", "{A6D980EB-170D-4302-97C2-19693FC7B63A}"
EndProject
Project("{FAE04EC0-301F-11D3-BF4B-00C04F79EFBC}") = "CustomAvatarAnimationWindows", "CustomAvatarAnimation\CustomAvatarAnimationWindows.csproj", "{EF8868F4-AEF3-47AD-84AA-8C69D47EEF3C}"
EndProject
Project("{FAE04EC0-301F-11D3-BF4B-00C04F79EFBC}") = "AvatarHamsterPanic", "AvatarHamsterPanic\AvatarHamsterPanic.csproj", "{B70A941B-EB79-44FD-ACCA-0651C2E9578D}"
	ProjectSection(ProjectDependencies) = postProject
		{5201E245-0736-4146-AA6B-3F7A86513F00} = {5201E245-0736-4146-AA6B-3F7A86513F00}
	EndProjectSection
EndProject
Project("{FAE04EC0-301F-11D3-BF4B-00C04F79EFBC}") = "InstancedModelPipeline", "InstancedModelPipeline\InstancedModelPipeline.csproj", "{5201E245-0736-4146-AA6B-3F7A86513F00}"
EndProject
Global
	GlobalSection(SolutionConfigurationPlatforms) = preSolution
		Debug|Any CPU = Debug|Any CPU
		Debug|Mixed Platforms = Debug|Mixed Platforms
		Debug|x86 = Debug|x86
		Debug|Xbox 360 = Debug|Xbox 360
		Debug|Zune = Debug|Zune
		Release|Any CPU = Release|Any CPU
		Release|Mixed Platforms = Release|Mixed Platforms
		Release|x86 = Release|x86
		Release|Xbox 360 = Release|Xbox 360
		Release|Zune = Release|Zune
	EndGlobalSection
	GlobalSection(ProjectConfigurationPlatforms) = postSolution
		{B0C6D416-83AC-4F2F-92A6-D73342D699C1}.Debug|Any CPU.ActiveCfg = Debug|Xbox 360
		{B0C6D416-83AC-4F2F-92A6-D73342D699C1}.Debug|Mixed Platforms.ActiveCfg = Debug|Xbox 360
		{B0C6D416-83AC-4F2F-92A6-D73342D699C1}.Debug|Mixed Platforms.Build.0 = Debug|Xbox 360
		{B0C6D416-83AC-4F2F-92A6-D73342D699C1}.Debug|x86.ActiveCfg = Debug|Xbox 360
		{B0C6D416-83AC-4F2F-92A6-D73342D699C1}.Debug|Xbox 360.ActiveCfg = Debug|Xbox 360
		{B0C6D416-83AC-4F2F-92A6-D73342D699C1}.Debug|Xbox 360.Build.0 = Debug|Xbox 360
		{B0C6D416-83AC-4F2F-92A6-D73342D699C1}.Debug|Zune.ActiveCfg = Debug|Xbox 360
		{B0C6D416-83AC-4F2F-92A6-D73342D699C1}.Release|Any CPU.ActiveCfg = Release|Xbox 360
		{B0C6D416-83AC-4F2F-92A6-D73342D699C1}.Release|Mixed Platforms.ActiveCfg = Release|Xbox 360
		{B0C6D416-83AC-4F2F-92A6-D73342D699C1}.Release|Mixed Platforms.Build.0 = Release|Xbox 360
		{B0C6D416-83AC-4F2F-92A6-D73342D699C1}.Release|x86.ActiveCfg = Release|Xbox 360
		{B0C6D416-83AC-4F2F-92A6-D73342D699C1}.Release|Xbox 360.ActiveCfg = Release|Xbox 360
		{B0C6D416-83AC-4F2F-92A6-D73342D699C1}.Release|Xbox 360.Build.0 = Release|Xbox 360
		{B0C6D416-83AC-4F2F-92A6-D73342D699C1}.Release|Zune.ActiveCfg = Release|Xbox 360
		{A6D980EB-170D-4302-97C2-19693FC7B63A}.Debug|Any CPU.ActiveCfg = Debug|Zune
		{A6D980EB-170D-4302-97C2-19693FC7B63A}.Debug|Mixed Platforms.ActiveCfg = Debug|Zune
		{A6D980EB-170D-4302-97C2-19693FC7B63A}.Debug|Mixed Platforms.Build.0 = Debug|Zune
		{A6D980EB-170D-4302-97C2-19693FC7B63A}.Debug|x86.ActiveCfg = Debug|x86
		{A6D980EB-170D-4302-97C2-19693FC7B63A}.Debug|x86.Build.0 = Debug|x86
		{A6D980EB-170D-4302-97C2-19693FC7B63A}.Debug|Xbox 360.ActiveCfg = Debug|Xbox 360
		{A6D980EB-170D-4302-97C2-19693FC7B63A}.Debug|Xbox 360.Build.0 = Debug|Xbox 360
		{A6D980EB-170D-4302-97C2-19693FC7B63A}.Debug|Zune.ActiveCfg = Debug|Zune
		{A6D980EB-170D-4302-97C2-19693FC7B63A}.Debug|Zune.Build.0 = Debug|Zune
		{A6D980EB-170D-4302-97C2-19693FC7B63A}.Release|Any CPU.ActiveCfg = Release|Zune
		{A6D980EB-170D-4302-97C2-19693FC7B63A}.Release|Mixed Platforms.ActiveCfg = Release|Zune
		{A6D980EB-170D-4302-97C2-19693FC7B63A}.Release|Mixed Platforms.Build.0 = Release|Zune
		{A6D980EB-170D-4302-97C2-19693FC7B63A}.Release|x86.ActiveCfg = Release|x86
		{A6D980EB-170D-4302-97C2-19693FC7B63A}.Release|x86.Build.0 = Release|x86
		{A6D980EB-170D-4302-97C2-19693FC7B63A}.Release|Xbox 360.ActiveCfg = Release|Xbox 360
		{A6D980EB-170D-4302-97C2-19693FC7B63A}.Release|Xbox 360.Build.0 = Release|Xbox 360
		{A6D980EB-170D-4302-97C2-19693FC7B63A}.Release|Zune.ActiveCfg = Release|Zune
		{A6D980EB-170D-4302-97C2-19693FC7B63A}.Release|Zune.Build.0 = Release|Zune
		{EF8868F4-AEF3-47AD-84AA-8C69D47EEF3C}.Debug|Any CPU.ActiveCfg = Debug|x86
		{EF8868F4-AEF3-47AD-84AA-8C69D47EEF3C}.Debug|Mixed Platforms.ActiveCfg = Debug|x86
		{EF8868F4-AEF3-47AD-84AA-8C69D47EEF3C}.Debug|Mixed Platforms.Build.0 = Debug|x86
		{EF8868F4-AEF3-47AD-84AA-8C69D47EEF3C}.Debug|x86.ActiveCfg = Debug|x86
		{EF8868F4-AEF3-47AD-84AA-8C69D47EEF3C}.Debug|x86.Build.0 = Debug|x86
		{EF8868F4-AEF3-47AD-84AA-8C69D47EEF3C}.Debug|Xbox 360.ActiveCfg = Debug|x86
		{EF8868F4-AEF3-47AD-84AA-8C69D47EEF3C}.Debug|Zune.ActiveCfg = Debug|x86
		{EF8868F4-AEF3-47AD-84AA-8C69D47EEF3C}.Release|Any CPU.ActiveCfg = Release|x86
		{EF8868F4-AEF3-47AD-84AA-8C69D47EEF3C}.Release|Mixed Platforms.ActiveCfg = Release|x86
		{EF8868F4-AEF3-47AD-84AA-8C69D47EEF3C}.Release|Mixed Platforms.Build.0 = Release|x86
		{EF8868F4-AEF3-47AD-84AA-8C69D47EEF3C}.Release|x86.ActiveCfg = Release|x86
		{EF8868F4-AEF3-47AD-84AA-8C69D47EEF3C}.Release|x86.Build.0 = Release|x86
		{EF8868F4-AEF3-47AD-84AA-8C69D47EEF3C}.Release|Xbox 360.ActiveCfg = Release|x86
		{EF8868F4-AEF3-47AD-84AA-8C69D47EEF3C}.Release|Zune.ActiveCfg = Release|x86
		{B70A941B-EB79-44FD-ACCA-0651C2E9578D}.Debug|Any CPU.ActiveCfg = Debug|Xbox 360
		{B70A941B-EB79-44FD-ACCA-0651C2E9578D}.Debug|Mixed Platforms.ActiveCfg = Debug|Xbox 360
		{B70A941B-EB79-44FD-ACCA-0651C2E9578D}.Debug|Mixed Platforms.Build.0 = Debug|Xbox 360
		{B70A941B-EB79-44FD-ACCA-0651C2E9578D}.Debug|Mixed Platforms.Deploy.0 = Debug|Xbox 360
		{B70A941B-EB79-44FD-ACCA-0651C2E9578D}.Debug|x86.ActiveCfg = Debug|Xbox 360
		{B70A941B-EB79-44FD-ACCA-0651C2E9578D}.Debug|Xbox 360.ActiveCfg = Debug|Xbox 360
		{B70A941B-EB79-44FD-ACCA-0651C2E9578D}.Debug|Xbox 360.Build.0 = Debug|Xbox 360
		{B70A941B-EB79-44FD-ACCA-0651C2E9578D}.Debug|Xbox 360.Deploy.0 = Debug|Xbox 360
		{B70A941B-EB79-44FD-ACCA-0651C2E9578D}.Debug|Zune.ActiveCfg = Debug|Xbox 360
		{B70A941B-EB79-44FD-ACCA-0651C2E9578D}.Release|Any CPU.ActiveCfg = Release|Xbox 360
		{B70A941B-EB79-44FD-ACCA-0651C2E9578D}.Release|Mixed Platforms.ActiveCfg = Release|Xbox 360
		{B70A941B-EB79-44FD-ACCA-0651C2E9578D}.Release|Mixed Platforms.Build.0 = Release|Xbox 360
		{B70A941B-EB79-44FD-ACCA-0651C2E9578D}.Release|Mixed Platforms.Deploy.0 = Release|Xbox 360
		{B70A941B-EB79-44FD-ACCA-0651C2E9578D}.Release|x86.ActiveCfg = Release|Xbox 360
		{B70A941B-EB79-44FD-ACCA-0651C2E9578D}.Release|Xbox 360.ActiveCfg = Release|Xbox 360
		{B70A941B-EB79-44FD-ACCA-0651C2E9578D}.Release|Xbox 360.Build.0 = Release|Xbox 360
		{B70A941B-EB79-44FD-ACCA-0651C2E9578D}.Release|Xbox 360.Deploy.0 = Release|Xbox 360
		{B70A941B-EB79-44FD-ACCA-0651C2E9578D}.Release|Zune.ActiveCfg = Release|Xbox 360
		{3B1153C5-E30C-42B2-829E-90B58D3A6EFE}.Debug|Any CPU.ActiveCfg = Debug|Any CPU
		{3B1153C5-E30C-42B2-829E-90B58D3A6EFE}.Debug|Mixed Platforms.ActiveCfg = Debug|Any CPU
		{3B1153C5-E30C-42B2-829E-90B58D3A6EFE}.Debug|x86.ActiveCfg = Debug|Any CPU
		{3B1153C5-E30C-42B2-829E-90B58D3A6EFE}.Debug|Xbox 360.ActiveCfg = Debug|Any CPU
		{3B1153C5-E30C-42B2-829E-90B58D3A6EFE}.Debug|Zune.ActiveCfg = Debug|Any CPU
		{3B1153C5-E30C-42B2-829E-90B58D3A6EFE}.Release|Any CPU.ActiveCfg = Debug|Any CPU
		{3B1153C5-E30C-42B2-829E-90B58D3A6EFE}.Release|Mixed Platforms.ActiveCfg = Debug|Any CPU
		{3B1153C5-E30C-42B2-829E-90B58D3A6EFE}.Release|x86.ActiveCfg = Debug|Any CPU
		{3B1153C5-E30C-42B2-829E-90B58D3A6EFE}.Release|Xbox 360.ActiveCfg = Debug|Any CPU
		{3B1153C5-E30C-42B2-829E-90B58D3A6EFE}.Release|Zune.ActiveCfg = Debug|Any CPU
		{5201E245-0736-4146-AA6B-3F7A86513F00}.Debug|Any CPU.ActiveCfg = Debug|Xbox 360
		{5201E245-0736-4146-AA6B-3F7A86513F00}.Debug|Mixed Platforms.ActiveCfg = Debug|Xbox 360
		{5201E245-0736-4146-AA6B-3F7A86513F00}.Debug|Mixed Platforms.Build.0 = Debug|Xbox 360
		{5201E245-0736-4146-AA6B-3F7A86513F00}.Debug|x86.ActiveCfg = Debug|x86
		{5201E245-0736-4146-AA6B-3F7A86513F00}.Debug|x86.Build.0 = Debug|x86
		{5201E245-0736-4146-AA6B-3F7A86513F00}.Debug|Xbox 360.ActiveCfg = Debug|Xbox 360
		{5201E245-0736-4146-AA6B-3F7A86513F00}.Debug|Xbox 360.Build.0 = Debug|Xbox 360
		{5201E245-0736-4146-AA6B-3F7A86513F00}.Debug|Zune.ActiveCfg = Debug|Xbox 360
		{5201E245-0736-4146-AA6B-3F7A86513F00}.Release|Any CPU.ActiveCfg = Release|Xbox 360
		{5201E245-0736-4146-AA6B-3F7A86513F00}.Release|Mixed Platforms.ActiveCfg = Release|Xbox 360
		{5201E245-0736-4146-AA6B-3F7A86513F00}.Release|Mixed Platforms.Build.0 = Release|Xbox 360
		{5201E245-0736-4146-AA6B-3F7A86513F00}.Release|x86.ActiveCfg = Release|x86
		{5201E245-0736-4146-AA6B-3F7A86513F00}.Release|x86.Build.0 = Release|x86
		{5201E245-0736-4146-AA6B-3F7A86513F00}.Release|Xbox 360.ActiveCfg = Release|Xbox 360
		{5201E245-0736-4146-AA6B-3F7A86513F00}.Release|Xbox 360.Build.0 = Release|Xbox 360
		{5201E245-0736-4146-AA6B-3F7A86513F00}.Release|Zune.ActiveCfg = Release|Xbox 360
	EndGlobalSection
	GlobalSection(SolutionProperties) = preSolution
		HideSolutionNode = FALSE
	EndGlobalSection
EndGlobal
